{
  "nodes": {
    "flakeNimbleLib": {
      "inputs": {
        "nixpkgs": [
          "nixpkgs"
        ]
      },
      "locked": {
        "lastModified": 1647920574,
        "narHash": "sha256-D3ob5QykELhyNcTnISOkjEzLlgXltwON8Ucrz5cpiQI=",
        "owner": "riinr",
        "repo": "nim-flakes-lib",
        "rev": "bfb46a1f762002f07f9d81d93dacd544c6890623",
        "type": "github"
      },
      "original": {
        "owner": "riinr",
        "ref": "master",
        "repo": "nim-flakes-lib",
        "type": "github"
      }
    },
    "nifty": {
      "inputs": {
        "flakeNimbleLib": [
          "flakeNimbleLib"
        ],
        "nixpkgs": [
          "nixpkgs"
        ],
        "src-nifty-v1_2_2": "src-nifty-v1_2_2"
      },
      "locked": {
        "dir": "v1_2_2",
        "lastModified": 1648081233,
        "narHash": "sha256-KHjcKj8MeGMAS81ECjyN4ioFfJ2hUByoQXZuJm/mGi0=",
        "owner": "nim-nix-pkgs",
        "repo": "nifty",
        "rev": "1364b190b263aa685ce0003ab752e7ba7742089b",
        "type": "github"
      },
      "original": {
        "dir": "v1_2_2",
        "owner": "nim-nix-pkgs",
        "ref": "master",
        "repo": "nifty",
        "type": "github"
      }
    },
    "nixpkgs": {
      "locked": {
        "narHash": "sha256-+8mazL4KLh6VltXYJc5+QFA5Q1i+Uh/TadRl9/+qcx8=",
        "path": "/nix/store/gddrvlqs5qf1bp3kc80gp3qg5vm8kj76-source",
        "type": "path"
      },
      "original": {
        "id": "nixpkgs",
        "type": "indirect"
      }
    },
    "root": {
      "inputs": {
        "flakeNimbleLib": "flakeNimbleLib",
        "nifty": "nifty",
        "nixpkgs": "nixpkgs",
        "src-fae-v1_0_0": "src-fae-v1_0_0"
      }
    },
    "src-fae-v1_0_0": {
      "flake": false,
      "locked": {
        "lastModified": 1604846731,
        "narHash": "sha256-zTYRzkC0PjBHsOF9X47XEw+OaBgNLwYef5gVdzV7scs=",
        "owner": "h3rald",
        "repo": "fae",
        "rev": "cc3b275099573f97d77f69e5f66cb7595a8cc89d",
        "type": "github"
      },
      "original": {
        "owner": "h3rald",
        "ref": "refs/tags/v1.0.0",
        "repo": "fae",
        "type": "github"
      }
    },
    "src-nifty-v1_2_2": {
      "flake": false,
      "locked": {
        "lastModified": 1603640331,
        "narHash": "sha256-mlZPB9pkdgSf8XrvEN8EkNeXhyGPf50jx3VVVRNyKDA=",
        "owner": "h3rald",
        "repo": "nifty",
        "rev": "4d0d0181f89d922961769489893d44b6fb593b04",
        "type": "github"
      },
      "original": {
        "owner": "h3rald",
        "ref": "refs/tags/v1.2.2",
        "repo": "nifty",
        "type": "github"
      }
    }
  },
  "root": "root",
  "version": 7
}
